// !$*UTF8*$!
{
	archiveVersion = 1;
	classes = {
	};
	objectVersion = 46;
	objects = {

/* Begin PBXBuildFile section */
		2C66A3821A0912A700B54F03 /* AppDelegate.swift in Sources */ = {isa = PBXBuildFile; fileRef = 2C66A3811A0912A700B54F03 /* AppDelegate.swift */; };
		2C66A3841A0912A700B54F03 /* ViewController.swift in Sources */ = {isa = PBXBuildFile; fileRef = 2C66A3831A0912A700B54F03 /* ViewController.swift */; };
		2C66A3871A0912A700B54F03 /* Main.storyboard in Resources */ = {isa = PBXBuildFile; fileRef = 2C66A3851A0912A700B54F03 /* Main.storyboard */; };
		2C66A3891A0912A700B54F03 /* Images.xcassets in Resources */ = {isa = PBXBuildFile; fileRef = 2C66A3881A0912A700B54F03 /* Images.xcassets */; };
		2C66A38C1A0912A700B54F03 /* LaunchScreen.xib in Resources */ = {isa = PBXBuildFile; fileRef = 2C66A38A1A0912A700B54F03 /* LaunchScreen.xib */; };
		2C66A3981A0912A700B54F03 /* PostcardTests.swift in Sources */ = {isa = PBXBuildFile; fileRef = 2C66A3971A0912A700B54F03 /* PostcardTests.swift */; };
		2C68047A1A0F19DE00226268 /* Sagrada_Familia_02.jpg in Resources */ = {isa = PBXBuildFile; fileRef = 2C6804791A0F19DE00226268 /* Sagrada_Familia_02.jpg */; };
		2C68047C1A0F22F000226268 /* Albert_Einstein_1979_USSR_Stamp.jpg in Resources */ = {isa = PBXBuildFile; fileRef = 2C68047B1A0F22F000226268 /* Albert_Einstein_1979_USSR_Stamp.jpg */; };
/* End PBXBuildFile section */

/* Begin PBXContainerItemProxy section */
		2C66A3921A0912A700B54F03 /* PBXContainerItemProxy */ = {
			isa = PBXContainerItemProxy;
			containerPortal = 2C66A3741A0912A700B54F03 /* Project object */;
			proxyType = 1;
			remoteGlobalIDString = 2C66A37B1A0912A700B54F03;
			remoteInfo = Postcard;
		};
/* End PBXContainerItemProxy section */

/* Begin PBXFileReference section */
		2C66A37C1A0912A700B54F03 /* Postcard.app */ = {isa = PBXFileReference; explicitFileType = wrapper.application; includeInIndex = 0; path = Postcard.app; sourceTree = BUILT_PRODUCTS_DIR; };
		2C66A3801A0912A700B54F03 /* Info.plist */ = {isa = PBXFileReference; lastKnownFileType = text.plist.xml; path = Info.plist; sourceTree = "<group>"; };
		2C66A3811A0912A700B54F03 /* AppDelegate.swift */ = {isa = PBXFileReference; lastKnownFileType = sourcecode.swift; path = AppDelegate.swift; sourceTree = "<group>"; };
		2C66A3831A0912A700B54F03 /* ViewController.swift */ = {isa = PBXFileReference; lastKnownFileType = sourcecode.swift; path = ViewController.swift; sourceTree = "<group>"; };
		2C66A3861A0912A700B54F03 /* Base */ = {isa = PBXFileReference; lastKnownFileType = file.storyboard; name = Base; path = Base.lproj/Main.storyboard; sourceTree = "<group>"; };
		2C66A3881A0912A700B54F03 /* Images.xcassets */ = {isa = PBXFileReference; lastKnownFileType = folder.assetcatalog; path = Images.xcassets; sourceTree = "<group>"; };
		2C66A38B1A0912A700B54F03 /* Base */ = {isa = PBXFileReference; lastKnownFileType = file.xib; name = Base; path = Base.lproj/LaunchScreen.xib; sourceTree = "<group>"; };
		2C66A3911A0912A700B54F03 /* PostcardTests.xctest */ = {isa = PBXFileReference; explicitFileType = wrapper.cfbundle; includeInIndex = 0; path = PostcardTests.xctest; sourceTree = BUILT_PRODUCTS_DIR; };
		2C66A3961A0912A700B54F03 /* Info.plist */ = {isa = PBXFileReference; lastKnownFileType = text.plist.xml; path = Info.plist; sourceTree = "<group>"; };
		2C66A3971A0912A700B54F03 /* PostcardTests.swift */ = {isa = PBXFileReference; lastKnownFileType = sourcecode.swift; path = PostcardTests.swift; sourceTree = "<group>"; };
		2C6804791A0F19DE00226268 /* Sagrada_Familia_02.jpg */ = {isa = PBXFileReference; lastKnownFileType = image.jpeg; path = Sagrada_Familia_02.jpg; sourceTree = "<group>"; };
		2C68047B1A0F22F000226268 /* Albert_Einstein_1979_USSR_Stamp.jpg */ = {isa = PBXFileReference; lastKnownFileType = image.jpeg; path = Albert_Einstein_1979_USSR_Stamp.jpg; sourceTree = "<group>"; };
/* End PBXFileReference section */

/* Begin PBXFrameworksBuildPhase section */
		2C66A3791A0912A700B54F03 /* Frameworks */ = {
			isa = PBXFrameworksBuildPhase;
			buildActionMask = 2147483647;
			files = (
			);
			runOnlyForDeploymentPostprocessing = 0;
		};
		2C66A38E1A0912A700B54F03 /* Frameworks */ = {
			isa = PBXFrameworksBuildPhase;
			buildActionMask = 2147483647;
			files = (
			);
			runOnlyForDeploymentPostprocessing = 0;
		};
/* End PBXFrameworksBuildPhase section */

/* Begin PBXGroup section */
		2C66A3731A0912A700B54F03 = {
			isa = PBXGroup;
			children = (
				2C66A37E1A0912A700B54F03 /* Postcard */,
				2C66A3941A0912A700B54F03 /* PostcardTests */,
				2C66A37D1A0912A700B54F03 /* Products */,
			);
			sourceTree = "<group>";
		};
		2C66A37D1A0912A700B54F03 /* Products */ = {
			isa = PBXGroup;
			children = (
				2C66A37C1A0912A700B54F03 /* Postcard.app */,
				2C66A3911A0912A700B54F03 /* PostcardTests.xctest */,
			);
			name = Products;
			sourceTree = "<group>";
		};
		2C66A37E1A0912A700B54F03 /* Postcard */ = {
			isa = PBXGroup;
			children = (
				2C66A3811A0912A700B54F03 /* AppDelegate.swift */,
				2C66A3831A0912A700B54F03 /* ViewController.swift */,
				2C66A3851A0912A700B54F03 /* Main.storyboard */,
				2C66A3881A0912A700B54F03 /* Images.xcassets */,
				2C66A38A1A0912A700B54F03 /* LaunchScreen.xib */,
				2C66A37F1A0912A700B54F03 /* Supporting Files */,
			);
			path = Postcard;
			sourceTree = "<group>";
		};
		2C66A37F1A0912A700B54F03 /* Supporting Files */ = {
			isa = PBXGroup;
			children = (
				2C68047B1A0F22F000226268 /* Albert_Einstein_1979_USSR_Stamp.jpg */,
				2C6804791A0F19DE00226268 /* Sagrada_Familia_02.jpg */,
				2C66A3801A0912A700B54F03 /* Info.plist */,
			);
			name = "Supporting Files";
			sourceTree = "<group>";
		};
		2C66A3941A0912A700B54F03 /* PostcardTests */ = {
			isa = PBXGroup;
			children = (
				2C66A3971A0912A700B54F03 /* PostcardTests.swift */,
				2C66A3951A0912A700B54F03 /* Supporting Files */,
			);
			path = PostcardTests;
			sourceTree = "<group>";
		};
		2C66A3951A0912A700B54F03 /* Supporting Files */ = {
			isa = PBXGroup;
			children = (
				2C66A3961A0912A700B54F03 /* Info.plist */,
			);
			name = "Supporting Files";
			sourceTree = "<group>";
		};
/* End PBXGroup section */

/* Begin PBXNativeTarget section */
		2C66A37B1A0912A700B54F03 /* Postcard */ = {
			isa = PBXNativeTarget;
			buildConfigurationList = 2C66A39B1A0912A700B54F03 /* Build configuration list for PBXNativeTarget "Postcard" */;
			buildPhases = (
				2C66A3781A0912A700B54F03 /* Sources */,
				2C66A3791A0912A700B54F03 /* Frameworks */,
				2C66A37A1A0912A700B54F03 /* Resources */,
			);
			buildRules = (
			);
			dependencies = (
			);
			name = Postcard;
			productName = Postcard;
			productReference = 2C66A37C1A0912A700B54F03 /* Postcard.app */;
			productType = "com.apple.product-type.application";
		};
		2C66A3901A0912A700B54F03 /* PostcardTests */ = {
			isa = PBXNativeTarget;
			buildConfigurationList = 2C66A39E1A0912A700B54F03 /* Build configuration list for PBXNativeTarget "PostcardTests" */;
			buildPhases = (
				2C66A38D1A0912A700B54F03 /* Sources */,
				2C66A38E1A0912A700B54F03 /* Frameworks */,
				2C66A38F1A0912A700B54F03 /* Resources */,
			);
			buildRules = (
			);
			dependencies = (
				2C66A3931A0912A700B54F03 /* PBXTargetDependency */,
			);
			name = PostcardTests;
			productName = PostcardTests;
			productReference = 2C66A3911A0912A700B54F03 /* PostcardTests.xctest */;
			productType = "com.apple.product-type.bundle.unit-test";
		};
/* End PBXNativeTarget section */

/* Begin PBXProject section */
		2C66A3741A0912A700B54F03 /* Project object */ = {
			isa = PBXProject;
			attributes = {
				LastUpgradeCheck = 0600;
				ORGANIZATIONNAME = MT;
				TargetAttributes = {
					2C66A37B1A0912A700B54F03 = {
						CreatedOnToolsVersion = 6.0;
					};
					2C66A3901A0912A700B54F03 = {
						CreatedOnToolsVersion = 6.0;
						TestTargetID = 2C66A37B1A0912A700B54F03;
					};
				};
			};
			buildConfigurationList = 2C66A3771A0912A700B54F03 /* Build configuration list for PBXProject "Postcard" */;
			compatibilityVersion = "Xcode 3.2";
			developmentRegion = English;
			hasScannedForEncodings = 0;
			knownRegions = (
				en,
				Base,
			);
			mainGroup = 2C66A3731A0912A700B54F03;
			productRefGroup = 2C66A37D1A0912A700B54F03 /* Products */;
			projectDirPath = "";
			projectRoot = "";
			targets = (
				2C66A37B1A0912A700B54F03 /* Postcard */,
				2C66A3901A0912A700B54F03 /* PostcardTests */,
			);
		};
/* End PBXProject section */

/* Begin PBXResourcesBuildPhase section */
		2C66A37A1A0912A700B54F03 /* Resources */ = {
			isa = PBXResourcesBuildPhase;
			buildActionMask = 2147483647;
			files = (
				2C66A3871A0912A700B54F03 /* Main.storyboard in Resources */,
				2C66A38C1A0912A700B54F03 /* LaunchScreen.xib in Resources */,
				2C68047C1A0F22F000226268 /* Albert_Einstein_1979_USSR_Stamp.jpg in Resources */,
				2C66A3891A0912A700B54F03 /* Images.xcassets in Resources */,
				2C68047A1A0F19DE00226268 /* Sagrada_Familia_02.jpg in Resources */,
			);
			runOnlyForDeploymentPostprocessing = 0;
		};
		2C66A38F1A0912A700B54F03 /* Resources */ = {
			isa = PBXResourcesBuildPhase;
			buildActionMask = 2147483647;
			files = (
			);
			runOnlyForDeploymentPostprocessing = 0;
		};
/* End PBXResourcesBuildPhase section */

/* Begin PBXSourcesBuildPhase section */
		2C66A3781A0912A700B54F03 /* Sources */ = {
			isa = PBXSourcesBuildPhase;
			buildActionMask = 2147483647;
			files = (
				2C66A3841A0912A700B54F03 /* ViewController.swift in Sources */,
				2C66A3821A0912A700B54F03 /* AppDelegate.swift in Sources */,
			);
			runOnlyForDeploymentPostprocessing = 0;
		};
		2C66A38D1A0912A700B54F03 /* Sources */ = {
			isa = PBXSourcesBuildPhase;
			buildActionMask = 2147483647;
			files = (
				2C66A3981A0912A700B54F03 /* PostcardTests.swift in Sources */,
			);
			runOnlyForDeploymentPostprocessing = 0;
		};
/* End PBXSourcesBuildPhase section */

/* Begin PBXTargetDependency section */
		2C66A3931A0912A700B54F03 /* PBXTargetDependency */ = {
			isa = PBXTargetDependency;
			target = 2C66A37B1A0912A700B54F03 /* Postcard */;
			targetProxy = 2C66A3921A0912A700B54F03 /* PBXContainerItemProxy */;
		};
/* End PBXTargetDependency section */

/* Begin PBXVariantGroup section */
		2C66A3851A0912A700B54F03 /* Main.storyboard */ = {
			isa = PBXVariantGroup;
			children = (
				2C66A3861A0912A700B54F03 /* Base */,
			);
			name = Main.storyboard;
			sourceTree = "<group>";
		};
		2C66A38A1A0912A700B54F03 /* LaunchScreen.xib */ = {
			isa = PBXVariantGroup;
			children = (
				2C66A38B1A0912A700B54F03 /* Base */,
			);
			name = LaunchScreen.xib;
			sourceTree = "<group>";
		};
/* End PBXVariantGroup section */

/* Begin XCBuildConfiguration section */
		2C66A3991A0912A700B54F03 /* Debug */ = {
			isa = XCBuildConfiguration;
			buildSettings = {
				ALWAYS_SEARCH_USER_PATHS = NO;
				CLANG_CXX_LANGUAGE_STANDARD = "gnu++0x";
				CLANG_CXX_LIBRARY = "libc++";
				CLANG_ENABLE_MODULES = YES;
				CLANG_ENABLE_OBJC_ARC = YES;
				CLANG_WARN_BOOL_CONVERSION = YES;
				CLANG_WARN_CONSTANT_CONVERSION = YES;
				CLANG_WARN_DIRECT_OBJC_ISA_USAGE = YES_ERROR;
				CLANG_WARN_EMPTY_BODY = YES;
				CLANG_WARN_ENUM_CONVERSION = YES;
				CLANG_WARN_INT_CONVERSION = YES;
				CLANG_WARN_OBJC_ROOT_CLASS = YES_ERROR;
				CLANG_WARN_UNREACHABLE_CODE = YES;
				CLANG_WARN__DUPLICATE_METHOD_MATCH = YES;
				"CODE_SIGN_IDENTITY[sdk=iphoneos*]" = "iPhone Developer";
				COPY_PHASE_STRIP = NO;
				ENABLE_STRICT_OBJC_MSGSEND = YES;
				GCC_C_LANGUAGE_STANDARD = gnu99;
				GCC_DYNAMIC_NO_PIC = NO;
				GCC_OPTIMIZATION_LEVEL = 0;
				GCC_PREPROCESSOR_DEFINITIONS = (
					"DEBUG=1",
					"$(inherited)",
				);
				GCC_SYMBOLS_PRIVATE_EXTERN = NO;
				GCC_WARN_64_TO_32_BIT_CONVERSION = YES;
				GCC_WARN_ABOUT_RETURN_TYPE = YES_ERROR;
				GCC_WARN_UNDECLARED_SELECTOR = YES;
				GCC_WARN_UNINITIALIZED_AUTOS = YES_AGGRESSIVE;
				GCC_WARN_UNUSED_FUNCTION = YES;
				GCC_WARN_UNUSED_VARIABLE = YES;
				IPHONEOS_DEPLOYMENT_TARGET = 8.0;
				MTL_ENABLE_DEBUG_INFO = YES;
				ONLY_ACTIVE_ARCH = YES;
				SDKROOT = iphoneos;
				SWIFT_OPTIMIZATION_LEVEL = "-Onone";
				TARGETED_DEVICE_FAMILY = "1,2";
			};
			name = Debug;
		};
		2C66A39A1A0912A700B54F03 /* Release */ = {
			isa = XCBuildConfiguration;
			buildSettings = {
				ALWAYS_SEARCH_USER_PATHS = NO;
				CLANG_CXX_LANGUAGE_STANDARD = "gnu++0x";
				CLANG_CXX_LIBRARY = "libc++";
				CLANG_ENABLE_MODULES = YES;
				CLANG_ENABLE_OBJC_ARC = YES;
				CLANG_WARN_BOOL_CONVERSION = YES;
				CLANG_WARN_CONSTANT_CONVERSION = YES;
				CLANG_WARN_DIRECT_OBJC_ISA_USAGE = YES_ERROR;
				CLANG_WARN_EMPTY_BODY = YES;
				CLANG_WARN_ENUM_CONVERSION = YES;
				CLANG_WARN_INT_CONVERSION = YES;
				CLANG_WARN_OBJC_ROOT_CLASS = YES_ERROR;
				CLANG_WARN_UNREACHABLE_CODE = YES;
				CLANG_WARN__DUPLICATE_METHOD_MATCH = YES;
				"CODE_SIGN_IDENTITY[sdk=iphoneos*]" = "iPhone Developer";
				COPY_PHASE_STRIP = YES;
				ENABLE_NS_ASSERTIONS = NO;
				ENABLE_STRICT_OBJC_MSGSEND = YES;
				GCC_C_LANGUAGE_STANDARD = gnu99;
				GCC_WARN_64_TO_32_BIT_CONVERSION = YES;
				GCC_WARN_ABOUT_RETURN_TYPE = YES_ERROR;
				GCC_WARN_UNDECLARED_SELECTOR = YES;
				GCC_WARN_UNINITIALIZED_AUTOS = YES_AGGRESSIVE;
				GCC_WARN_UNUSED_FUNCTION = YES;
				GCC_WARN_UNUSED_VARIABLE = YES;
				IPHONEOS_DEPLOYMENT_TARGET = 8.0;
				MTL_ENABLE_DEBUG_INFO = NO;
				SDKROOT = iphoneos;
				TARGETED_DEVICE_FAMILY = "1,2";
				VALIDATE_PRODUCT = YES;
			};
			name = Release;
		};
		2C66A39C1A0912A700B54F03 /* Debug */ = {
			isa = XCBuildConfiguration;
			buildSettings = {
				ASSETCATALOG_COMPILER_APPICON_NAME = AppIcon;
				INFOPLIST_FILE = Postcard/Info.plist;
				LD_RUNPATH_SEARCH_PATHS = "$(inherited) @executable_path/Frameworks";
				PRODUCT_NAME = "$(TARGET_NAME)";
			};
			name = Debug;
		};
		2C66A39D1A0912A700B54F03 /* Release */ = {
			isa = XCBuildConfiguration;
			buildSettings = {
				ASSETCATALOG_COMPILER_APPICON_NAME = AppIcon;
				INFOPLIST_FILE = Postcard/Info.plist;
				LD_RUNPATH_SEARCH_PATHS = "$(inherited) @executable_path/Frameworks";
				PRODUCT_NAME = "$(TARGET_NAME)";
			};
			name = Release;
		};
		2C66A39F1A0912A700B54F03 /* Debug */ = {
			isa = XCBuildConfiguration;
			buildSettings = {
				BUNDLE_LOADER = "$(TEST_HOST)";
				FRAMEWORK_SEARCH_PATHS = (
					"$(SDKROOT)/Developer/Library/Frameworks",
					"$(inherited)",
				);
				GCC_PREPROCESSOR_DEFINITIONS = (
					"DEBUG=1",
					"$(inherited)",
				);
				INFOPLIST_FILE = PostcardTests/Info.plist;
				LD_RUNPATH_SEARCH_PATHS = "$(inherited) @executable_path/Frameworks @loader_path/Frameworks";
				PRODUCT_NAME = "$(TARGET_NAME)";
				TEST_HOST = "$(BUILT_PRODUCTS_DIR)/Postcard.app/Postcard";
			};
			name = Debug;
		};
		2C66A3A01A0912A700B54F03 /* Release */ = {
			isa = XCBuildConfiguration;
			buildSettings = {
				BUNDLE_LOADER = "$(TEST_HOST)";
				FRAMEWORK_SEARCH_PATHS = (
					"$(SDKROOT)/Developer/Library/Frameworks",
					"$(inherited)",
				);
				INFOPLIST_FILE = PostcardTests/Info.plist;
				LD_RUNPATH_SEARCH_PATHS = "$(inherited) @executable_path/Frameworks @loader_path/Frameworks";
				PRODUCT_NAME = "$(TARGET_NAME)";
				TEST_HOST = "$(BUILT_PRODUCTS_DIR)/Postcard.app/Postcard";
			};
			name = Release;
		};
/* End XCBuildConfiguration section */

/* Begin XCConfigurationList section */
		2C66A3771A0912A700B54F03 /* Build configuration list for PBXProject "Postcard" */ = {
			isa = XCConfigurationList;
			buildConfigurations = (
				2C66A3991A0912A700B54F03 /* Debug */,
				2C66A39A1A0912A700B54F03 /* Release */,
			);
			defaultConfigurationIsVisible = 0;
			defaultConfigurationName = Release;
		};
		2C66A39B1A0912A700B54F03 /* Build configuration list for PBXNativeTarget "Postcard" */ = {
			isa = XCConfigurationList;
			buildConfigurations = (
				2C66A39C1A0912A700B54F03 /* Debug */,
				2C66A39D1A0912A700B54F03 /* Release */,
			);
			defaultConfigurationIsVisible = 0;
			defaultConfigurationName = Release;
		};
		2C66A39E1A0912A700B54F03 /* Build configuration list for PBXNativeTarget "PostcardTests" */ = {
			isa = XCConfigurationList;
			buildConfigurations = (
				2C66A39F1A0912A700B54F03 /* Debug */,
				2C66A3A01A0912A700B54F03 /* Release */,
			);
			defaultConfigurationIsVisible = 0;
			defaultConfigurationName = Release;
		};
/* End XCConfigurationList section */
	};
	rootObject = 2C66A3741A0912A700B54F03 /* Project object */;
}
